# This file is automatically @generated by Cargo.
# It is not intended for manual editing.
version = 4

[[package]]
name = "compiler_builtins"
version = "0.1.160"
source = "registry+https://github.com/rust-lang/crates.io-index"
checksum = "6376049cfa92c0aa8b9ac95fae22184b981c658208d4ed8a1dc553cd83612895"

[[package]]
name = "rust-reference"
version = "0.1.0"
dependencies = [
 "compiler_builtins",
]
